// !$*UTF8*$!
{
	archiveVersion = 1;
	classes = {
	};
	objectVersion = 55;
	objects = {

/* Begin PBXBuildFile section */
		EB1BD32729328C52004C8023 /* HomeView.swift in Sources */ = {isa = PBXBuildFile; fileRef = EB1BD32629328C52004C8023 /* HomeView.swift */; };
		EB1BD32929328C96004C8023 /* MapViewRepresentable.swift in Sources */ = {isa = PBXBuildFile; fileRef = EB1BD32829328C96004C8023 /* MapViewRepresentable.swift */; };
		EB1BD338293295C9004C8023 /* LogOutButton.swift in Sources */ = {isa = PBXBuildFile; fileRef = EB1BD333293295C9004C8023 /* LogOutButton.swift */; };
		EB1BD339293295C9004C8023 /* SignUpViewModel.swift in Sources */ = {isa = PBXBuildFile; fileRef = EB1BD334293295C9004C8023 /* SignUpViewModel.swift */; };
		EB1BD33A293295C9004C8023 /* SighnUpView.swift in Sources */ = {isa = PBXBuildFile; fileRef = EB1BD335293295C9004C8023 /* SighnUpView.swift */; };
		EB1BD33B293295C9004C8023 /* LoginViewModel.swift in Sources */ = {isa = PBXBuildFile; fileRef = EB1BD336293295C9004C8023 /* LoginViewModel.swift */; };
		EB1BD33C293295C9004C8023 /* LoginView.swift in Sources */ = {isa = PBXBuildFile; fileRef = EB1BD337293295C9004C8023 /* LoginView.swift */; };
		EB1BD33E293295F7004C8023 /* TextFieldView.swift in Sources */ = {isa = PBXBuildFile; fileRef = EB1BD33D293295F7004C8023 /* TextFieldView.swift */; };
		EB1BD3402932963C004C8023 /* PassWordView.swift in Sources */ = {isa = PBXBuildFile; fileRef = EB1BD33F2932963C004C8023 /* PassWordView.swift */; };
		EB1BD3422932FBB5004C8023 /* ProfileView.swift in Sources */ = {isa = PBXBuildFile; fileRef = EB1BD3412932FBB5004C8023 /* ProfileView.swift */; };
		EB1BD3442932FD58004C8023 /* QRCodeView.swift in Sources */ = {isa = PBXBuildFile; fileRef = EB1BD3432932FD58004C8023 /* QRCodeView.swift */; };
		EB1BD3472933195B004C8023 /* CodeScanner in Frameworks */ = {isa = PBXBuildFile; productRef = EB1BD3462933195B004C8023 /* CodeScanner */; };
		EB1F5DAF29359A2D009E4155 /* LocationManager.swift in Sources */ = {isa = PBXBuildFile; fileRef = EB1F5DAE29359A2D009E4155 /* LocationManager.swift */; };
		EB1F5DB129361EFD009E4155 /* LocationSearchViewModel.swift in Sources */ = {isa = PBXBuildFile; fileRef = EB1F5DB029361EFD009E4155 /* LocationSearchViewModel.swift */; };
		EBB751142914516C00F5995B /* FollowMeAppApp.swift in Sources */ = {isa = PBXBuildFile; fileRef = EBB751132914516C00F5995B /* FollowMeAppApp.swift */; };
		EBB751182914516E00F5995B /* Assets.xcassets in Resources */ = {isa = PBXBuildFile; fileRef = EBB751172914516E00F5995B /* Assets.xcassets */; };
		EBB7511B2914516E00F5995B /* Preview Assets.xcassets in Resources */ = {isa = PBXBuildFile; fileRef = EBB7511A2914516E00F5995B /* Preview Assets.xcassets */; };
		EBB7514D29176DB200F5995B /* FirebaseAnalytics in Frameworks */ = {isa = PBXBuildFile; productRef = EBB7514C29176DB200F5995B /* FirebaseAnalytics */; };
		EBB7514F29176DB200F5995B /* FirebaseDatabase in Frameworks */ = {isa = PBXBuildFile; productRef = EBB7514E29176DB200F5995B /* FirebaseDatabase */; };
		EBB7515129176DB200F5995B /* FirebaseFirestore in Frameworks */ = {isa = PBXBuildFile; productRef = EBB7515029176DB200F5995B /* FirebaseFirestore */; };
		EBB7515F2918607200F5995B /* FirebaseAuth in Frameworks */ = {isa = PBXBuildFile; productRef = EBB7515E2918607200F5995B /* FirebaseAuth */; };
		EBB7516B2918944700F5995B /* ContentView.swift in Sources */ = {isa = PBXBuildFile; fileRef = EBB7516A2918944700F5995B /* ContentView.swift */; };
		EBB751712918A85800F5995B /* GoogleService-Info.plist in Resources */ = {isa = PBXBuildFile; fileRef = EBB751702918A85700F5995B /* GoogleService-Info.plist */; };
		EBB751742918A8A200F5995B /* FirebaseAuth in Frameworks */ = {isa = PBXBuildFile; productRef = EBB751732918A8A200F5995B /* FirebaseAuth */; };
/* End PBXBuildFile section */

/* Begin PBXFileReference section */
		EB1BD32629328C52004C8023 /* HomeView.swift */ = {isa = PBXFileReference; lastKnownFileType = sourcecode.swift; path = HomeView.swift; sourceTree = "<group>"; };
		EB1BD32829328C96004C8023 /* MapViewRepresentable.swift */ = {isa = PBXFileReference; lastKnownFileType = sourcecode.swift; path = MapViewRepresentable.swift; sourceTree = "<group>"; };
		EB1BD333293295C9004C8023 /* LogOutButton.swift */ = {isa = PBXFileReference; fileEncoding = 4; lastKnownFileType = sourcecode.swift; path = LogOutButton.swift; sourceTree = "<group>"; };
		EB1BD334293295C9004C8023 /* SignUpViewModel.swift */ = {isa = PBXFileReference; fileEncoding = 4; lastKnownFileType = sourcecode.swift; path = SignUpViewModel.swift; sourceTree = "<group>"; };
		EB1BD335293295C9004C8023 /* SighnUpView.swift */ = {isa = PBXFileReference; fileEncoding = 4; lastKnownFileType = sourcecode.swift; path = SighnUpView.swift; sourceTree = "<group>"; };
		EB1BD336293295C9004C8023 /* LoginViewModel.swift */ = {isa = PBXFileReference; fileEncoding = 4; lastKnownFileType = sourcecode.swift; path = LoginViewModel.swift; sourceTree = "<group>"; };
		EB1BD337293295C9004C8023 /* LoginView.swift */ = {isa = PBXFileReference; fileEncoding = 4; lastKnownFileType = sourcecode.swift; path = LoginView.swift; sourceTree = "<group>"; };
		EB1BD33D293295F7004C8023 /* TextFieldView.swift */ = {isa = PBXFileReference; fileEncoding = 4; lastKnownFileType = sourcecode.swift; path = TextFieldView.swift; sourceTree = "<group>"; };
		EB1BD33F2932963C004C8023 /* PassWordView.swift */ = {isa = PBXFileReference; fileEncoding = 4; lastKnownFileType = sourcecode.swift; path = PassWordView.swift; sourceTree = "<group>"; };
		EB1BD3412932FBB5004C8023 /* ProfileView.swift */ = {isa = PBXFileReference; lastKnownFileType = sourcecode.swift; path = ProfileView.swift; sourceTree = "<group>"; };
		EB1BD3432932FD58004C8023 /* QRCodeView.swift */ = {isa = PBXFileReference; fileEncoding = 4; lastKnownFileType = sourcecode.swift; path = QRCodeView.swift; sourceTree = "<group>"; };
		EB1F5DAE29359A2D009E4155 /* LocationManager.swift */ = {isa = PBXFileReference; lastKnownFileType = sourcecode.swift; path = LocationManager.swift; sourceTree = "<group>"; };
		EB1F5DB029361EFD009E4155 /* LocationSearchViewModel.swift */ = {isa = PBXFileReference; lastKnownFileType = sourcecode.swift; path = LocationSearchViewModel.swift; sourceTree = "<group>"; };
		EBB751102914516C00F5995B /* FollowMeApp.app */ = {isa = PBXFileReference; explicitFileType = wrapper.application; includeInIndex = 0; path = FollowMeApp.app; sourceTree = BUILT_PRODUCTS_DIR; };
		EBB751132914516C00F5995B /* FollowMeAppApp.swift */ = {isa = PBXFileReference; lastKnownFileType = sourcecode.swift; path = FollowMeAppApp.swift; sourceTree = "<group>"; };
		EBB751172914516E00F5995B /* Assets.xcassets */ = {isa = PBXFileReference; lastKnownFileType = folder.assetcatalog; path = Assets.xcassets; sourceTree = "<group>"; };
		EBB7511A2914516E00F5995B /* Preview Assets.xcassets */ = {isa = PBXFileReference; lastKnownFileType = folder.assetcatalog; path = "Preview Assets.xcassets"; sourceTree = "<group>"; };
		EBB751252914C42F00F5995B /* Info.plist */ = {isa = PBXFileReference; lastKnownFileType = text.plist; path = Info.plist; sourceTree = "<group>"; };
		EBB7516A2918944700F5995B /* ContentView.swift */ = {isa = PBXFileReference; lastKnownFileType = sourcecode.swift; path = ContentView.swift; sourceTree = "<group>"; };
		EBB751702918A85700F5995B /* GoogleService-Info.plist */ = {isa = PBXFileReference; fileEncoding = 4; lastKnownFileType = text.plist.xml; name = "GoogleService-Info.plist"; path = "../../../../Downloads/GoogleService-Info.plist"; sourceTree = "<group>"; };
/* End PBXFileReference section */

/* Begin PBXFrameworksBuildPhase section */
		EBB7510D2914516C00F5995B /* Frameworks */ = {
			isa = PBXFrameworksBuildPhase;
			buildActionMask = 2147483647;
			files = (
				EBB7514F29176DB200F5995B /* FirebaseDatabase in Frameworks */,
				EBB751742918A8A200F5995B /* FirebaseAuth in Frameworks */,
				EB1BD3472933195B004C8023 /* CodeScanner in Frameworks */,
				EBB7514D29176DB200F5995B /* FirebaseAnalytics in Frameworks */,
				EBB7515129176DB200F5995B /* FirebaseFirestore in Frameworks */,
				EBB7515F2918607200F5995B /* FirebaseAuth in Frameworks */,
			);
			runOnlyForDeploymentPostprocessing = 0;
		};
/* End PBXFrameworksBuildPhase section */

/* Begin PBXGroup section */
		EB1BD331293294F6004C8023 /* Home */ = {
			isa = PBXGroup;
			children = (
				EB1BD333293295C9004C8023 /* LogOutButton.swift */,
				EB1F5DAE29359A2D009E4155 /* LocationManager.swift */,
				EB1BD32629328C52004C8023 /* HomeView.swift */,
				EB1BD3432932FD58004C8023 /* QRCodeView.swift */,
				EB1BD3412932FBB5004C8023 /* ProfileView.swift */,
			);
			path = Home;
			sourceTree = "<group>";
		};
		EB1BD3322932950D004C8023 /* SignIn_SignUp */ = {
			isa = PBXGroup;
			children = (
				EB1BD337293295C9004C8023 /* LoginView.swift */,
				EB1BD33D293295F7004C8023 /* TextFieldView.swift */,
				EB1BD33F2932963C004C8023 /* PassWordView.swift */,
				EB1BD336293295C9004C8023 /* LoginViewModel.swift */,
				EB1BD335293295C9004C8023 /* SighnUpView.swift */,
				EB1BD334293295C9004C8023 /* SignUpViewModel.swift */,
			);
			path = SignIn_SignUp;
			sourceTree = "<group>";
		};
		EBAEFE32293BF88E00A360C2 /* CarTracking */ = {
			isa = PBXGroup;
			children = (
				EB1BD32829328C96004C8023 /* MapViewRepresentable.swift */,
				EB1F5DB029361EFD009E4155 /* LocationSearchViewModel.swift */,
			);
			path = CarTracking;
			sourceTree = "<group>";
		};
		EBB751072914516C00F5995B = {
			isa = PBXGroup;
			children = (
				EBB751122914516C00F5995B /* FollowMeApp */,
				EBB751112914516C00F5995B /* Products */,
				EBB7515D2918607200F5995B /* Frameworks */,
			);
			sourceTree = "<group>";
		};
		EBB751112914516C00F5995B /* Products */ = {
			isa = PBXGroup;
			children = (
				EBB751102914516C00F5995B /* FollowMeApp.app */,
			);
			name = Products;
			sourceTree = "<group>";
		};
		EBB751122914516C00F5995B /* FollowMeApp */ = {
			isa = PBXGroup;
			children = (
				EBB7512E2917296D00F5995B /* App */,
				EBAEFE32293BF88E00A360C2 /* CarTracking */,
				EBB751252914C42F00F5995B /* Info.plist */,
				EBB751702918A85700F5995B /* GoogleService-Info.plist */,
				EBB751172914516E00F5995B /* Assets.xcassets */,
				EBB751192914516E00F5995B /* Preview Content */,
			);
			path = FollowMeApp;
			sourceTree = "<group>";
		};
		EBB751192914516E00F5995B /* Preview Content */ = {
			isa = PBXGroup;
			children = (
				EBB7511A2914516E00F5995B /* Preview Assets.xcassets */,
			);
			path = "Preview Content";
			sourceTree = "<group>";
		};
		EBB7512E2917296D00F5995B /* App */ = {
			isa = PBXGroup;
			children = (
				EBB751132914516C00F5995B /* FollowMeAppApp.swift */,
				EBB7516A2918944700F5995B /* ContentView.swift */,
				EB1BD3322932950D004C8023 /* SignIn_SignUp */,
				EB1BD331293294F6004C8023 /* Home */,
			);
			path = App;
			sourceTree = "<group>";
		};
		EBB7515D2918607200F5995B /* Frameworks */ = {
			isa = PBXGroup;
			children = (
			);
			name = Frameworks;
			sourceTree = "<group>";
		};
/* End PBXGroup section */

/* Begin PBXNativeTarget section */
		EBB7510F2914516C00F5995B /* FollowMeApp */ = {
			isa = PBXNativeTarget;
			buildConfigurationList = EBB7511E2914516E00F5995B /* Build configuration list for PBXNativeTarget "FollowMeApp" */;
			buildPhases = (
				EBB7510C2914516C00F5995B /* Sources */,
				EBB7510D2914516C00F5995B /* Frameworks */,
				EBB7510E2914516C00F5995B /* Resources */,
			);
			buildRules = (
			);
			dependencies = (
			);
			name = FollowMeApp;
			packageProductDependencies = (
				EBB7514C29176DB200F5995B /* FirebaseAnalytics */,
				EBB7514E29176DB200F5995B /* FirebaseDatabase */,
				EBB7515029176DB200F5995B /* FirebaseFirestore */,
				EBB7515E2918607200F5995B /* FirebaseAuth */,
				EBB751732918A8A200F5995B /* FirebaseAuth */,
				EB1BD3462933195B004C8023 /* CodeScanner */,
			);
			productName = FollowMeApp;
			productReference = EBB751102914516C00F5995B /* FollowMeApp.app */;
			productType = "com.apple.product-type.application";
		};
/* End PBXNativeTarget section */

/* Begin PBXProject section */
		EBB751082914516C00F5995B /* Project object */ = {
			isa = PBXProject;
			attributes = {
				BuildIndependentTargetsInParallel = 1;
				LastSwiftUpdateCheck = 1340;
				LastUpgradeCheck = 1340;
				TargetAttributes = {
					EBB7510F2914516C00F5995B = {
						CreatedOnToolsVersion = 13.4.1;
					};
				};
			};
			buildConfigurationList = EBB7510B2914516C00F5995B /* Build configuration list for PBXProject "FollowMeApp" */;
			compatibilityVersion = "Xcode 13.0";
			developmentRegion = en;
			hasScannedForEncodings = 0;
			knownRegions = (
				en,
				Base,
			);
			mainGroup = EBB751072914516C00F5995B;
			packageReferences = (
				EBB7514B29176DB200F5995B /* XCRemoteSwiftPackageReference "firebase-ios-sdk" */,
				EBB751722918A8A100F5995B /* XCRemoteSwiftPackageReference "firebase-ios-sdk" */,
				EB1BD3452933195B004C8023 /* XCRemoteSwiftPackageReference "CodeScanner" */,
			);
			productRefGroup = EBB751112914516C00F5995B /* Products */;
			projectDirPath = "";
			projectRoot = "";
			targets = (
				EBB7510F2914516C00F5995B /* FollowMeApp */,
			);
		};
/* End PBXProject section */

/* Begin PBXResourcesBuildPhase section */
		EBB7510E2914516C00F5995B /* Resources */ = {
			isa = PBXResourcesBuildPhase;
			buildActionMask = 2147483647;
			files = (
				EBB7511B2914516E00F5995B /* Preview Assets.xcassets in Resources */,
				EBB751712918A85800F5995B /* GoogleService-Info.plist in Resources */,
				EBB751182914516E00F5995B /* Assets.xcassets in Resources */,
			);
			runOnlyForDeploymentPostprocessing = 0;
		};
/* End PBXResourcesBuildPhase section */

/* Begin PBXSourcesBuildPhase section */
		EBB7510C2914516C00F5995B /* Sources */ = {
			isa = PBXSourcesBuildPhase;
			buildActionMask = 2147483647;
			files = (
				EB1BD32729328C52004C8023 /* HomeView.swift in Sources */,
				EB1BD33B293295C9004C8023 /* LoginViewModel.swift in Sources */,
				EB1BD338293295C9004C8023 /* LogOutButton.swift in Sources */,
				EB1F5DB129361EFD009E4155 /* LocationSearchViewModel.swift in Sources */,
				EB1BD339293295C9004C8023 /* SignUpViewModel.swift in Sources */,
				EB1BD33C293295C9004C8023 /* LoginView.swift in Sources */,
				EB1BD33A293295C9004C8023 /* SighnUpView.swift in Sources */,
				EB1BD33E293295F7004C8023 /* TextFieldView.swift in Sources */,
				EB1BD32929328C96004C8023 /* MapViewRepresentable.swift in Sources */,
				EBB7516B2918944700F5995B /* ContentView.swift in Sources */,
				EBB751142914516C00F5995B /* FollowMeAppApp.swift in Sources */,
				EB1F5DAF29359A2D009E4155 /* LocationManager.swift in Sources */,
				EB1BD3442932FD58004C8023 /* QRCodeView.swift in Sources */,
				EB1BD3422932FBB5004C8023 /* ProfileView.swift in Sources */,
				EB1BD3402932963C004C8023 /* PassWordView.swift in Sources */,
			);
			runOnlyForDeploymentPostprocessing = 0;
		};
/* End PBXSourcesBuildPhase section */

/* Begin XCBuildConfiguration section */
		EBB7511C2914516E00F5995B /* Debug */ = {
			isa = XCBuildConfiguration;
			buildSettings = {
				ALWAYS_SEARCH_USER_PATHS = NO;
				CLANG_ANALYZER_NONNULL = YES;
				CLANG_ANALYZER_NUMBER_OBJECT_CONVERSION = YES_AGGRESSIVE;
				CLANG_CXX_LANGUAGE_STANDARD = "gnu++17";
				CLANG_ENABLE_MODULES = YES;
				CLANG_ENABLE_OBJC_ARC = YES;
				CLANG_ENABLE_OBJC_WEAK = YES;
				CLANG_WARN_BLOCK_CAPTURE_AUTORELEASING = YES;
				CLANG_WARN_BOOL_CONVERSION = YES;
				CLANG_WARN_COMMA = YES;
				CLANG_WARN_CONSTANT_CONVERSION = YES;
				CLANG_WARN_DEPRECATED_OBJC_IMPLEMENTATIONS = YES;
				CLANG_WARN_DIRECT_OBJC_ISA_USAGE = YES_ERROR;
				CLANG_WARN_DOCUMENTATION_COMMENTS = YES;
				CLANG_WARN_EMPTY_BODY = YES;
				CLANG_WARN_ENUM_CONVERSION = YES;
				CLANG_WARN_INFINITE_RECURSION = YES;
				CLANG_WARN_INT_CONVERSION = YES;
				CLANG_WARN_NON_LITERAL_NULL_CONVERSION = YES;
				CLANG_WARN_OBJC_IMPLICIT_RETAIN_SELF = YES;
				CLANG_WARN_OBJC_LITERAL_CONVERSION = YES;
				CLANG_WARN_OBJC_ROOT_CLASS = YES_ERROR;
				CLANG_WARN_QUOTED_INCLUDE_IN_FRAMEWORK_HEADER = YES;
				CLANG_WARN_RANGE_LOOP_ANALYSIS = YES;
				CLANG_WARN_STRICT_PROTOTYPES = YES;
				CLANG_WARN_SUSPICIOUS_MOVE = YES;
				CLANG_WARN_UNGUARDED_AVAILABILITY = YES_AGGRESSIVE;
				CLANG_WARN_UNREACHABLE_CODE = YES;
				CLANG_WARN__DUPLICATE_METHOD_MATCH = YES;
				COPY_PHASE_STRIP = NO;
				DEBUG_INFORMATION_FORMAT = dwarf;
				ENABLE_STRICT_OBJC_MSGSEND = YES;
				ENABLE_TESTABILITY = YES;
				GCC_C_LANGUAGE_STANDARD = gnu11;
				GCC_DYNAMIC_NO_PIC = NO;
				GCC_NO_COMMON_BLOCKS = YES;
				GCC_OPTIMIZATION_LEVEL = 0;
				GCC_PREPROCESSOR_DEFINITIONS = (
					"DEBUG=1",
					"$(inherited)",
				);
				GCC_WARN_64_TO_32_BIT_CONVERSION = YES;
				GCC_WARN_ABOUT_RETURN_TYPE = YES_ERROR;
				GCC_WARN_UNDECLARED_SELECTOR = YES;
				GCC_WARN_UNINITIALIZED_AUTOS = YES_AGGRESSIVE;
				GCC_WARN_UNUSED_FUNCTION = YES;
				GCC_WARN_UNUSED_VARIABLE = YES;
				IPHONEOS_DEPLOYMENT_TARGET = 15.5;
				MTL_ENABLE_DEBUG_INFO = INCLUDE_SOURCE;
				MTL_FAST_MATH = YES;
				ONLY_ACTIVE_ARCH = YES;
				SDKROOT = iphoneos;
				SWIFT_ACTIVE_COMPILATION_CONDITIONS = DEBUG;
				SWIFT_OPTIMIZATION_LEVEL = "-Onone";
			};
			name = Debug;
		};
		EBB7511D2914516E00F5995B /* Release */ = {
			isa = XCBuildConfiguration;
			buildSettings = {
				ALWAYS_SEARCH_USER_PATHS = NO;
				CLANG_ANALYZER_NONNULL = YES;
				CLANG_ANALYZER_NUMBER_OBJECT_CONVERSION = YES_AGGRESSIVE;
				CLANG_CXX_LANGUAGE_STANDARD = "gnu++17";
				CLANG_ENABLE_MODULES = YES;
				CLANG_ENABLE_OBJC_ARC = YES;
				CLANG_ENABLE_OBJC_WEAK = YES;
				CLANG_WARN_BLOCK_CAPTURE_AUTORELEASING = YES;
				CLANG_WARN_BOOL_CONVERSION = YES;
				CLANG_WARN_COMMA = YES;
				CLANG_WARN_CONSTANT_CONVERSION = YES;
				CLANG_WARN_DEPRECATED_OBJC_IMPLEMENTATIONS = YES;
				CLANG_WARN_DIRECT_OBJC_ISA_USAGE = YES_ERROR;
				CLANG_WARN_DOCUMENTATION_COMMENTS = YES;
				CLANG_WARN_EMPTY_BODY = YES;
				CLANG_WARN_ENUM_CONVERSION = YES;
				CLANG_WARN_INFINITE_RECURSION = YES;
				CLANG_WARN_INT_CONVERSION = YES;
				CLANG_WARN_NON_LITERAL_NULL_CONVERSION = YES;
				CLANG_WARN_OBJC_IMPLICIT_RETAIN_SELF = YES;
				CLANG_WARN_OBJC_LITERAL_CONVERSION = YES;
				CLANG_WARN_OBJC_ROOT_CLASS = YES_ERROR;
				CLANG_WARN_QUOTED_INCLUDE_IN_FRAMEWORK_HEADER = YES;
				CLANG_WARN_RANGE_LOOP_ANALYSIS = YES;
				CLANG_WARN_STRICT_PROTOTYPES = YES;
				CLANG_WARN_SUSPICIOUS_MOVE = YES;
				CLANG_WARN_UNGUARDED_AVAILABILITY = YES_AGGRESSIVE;
				CLANG_WARN_UNREACHABLE_CODE = YES;
				CLANG_WARN__DUPLICATE_METHOD_MATCH = YES;
				COPY_PHASE_STRIP = NO;
				DEBUG_INFORMATION_FORMAT = "dwarf-with-dsym";
				ENABLE_NS_ASSERTIONS = NO;
				ENABLE_STRICT_OBJC_MSGSEND = YES;
				GCC_C_LANGUAGE_STANDARD = gnu11;
				GCC_NO_COMMON_BLOCKS = YES;
				GCC_WARN_64_TO_32_BIT_CONVERSION = YES;
				GCC_WARN_ABOUT_RETURN_TYPE = YES_ERROR;
				GCC_WARN_UNDECLARED_SELECTOR = YES;
				GCC_WARN_UNINITIALIZED_AUTOS = YES_AGGRESSIVE;
				GCC_WARN_UNUSED_FUNCTION = YES;
				GCC_WARN_UNUSED_VARIABLE = YES;
				IPHONEOS_DEPLOYMENT_TARGET = 15.5;
				MTL_ENABLE_DEBUG_INFO = NO;
				MTL_FAST_MATH = YES;
				SDKROOT = iphoneos;
				SWIFT_COMPILATION_MODE = wholemodule;
				SWIFT_OPTIMIZATION_LEVEL = "-O";
				VALIDATE_PRODUCT = YES;
			};
			name = Release;
		};
		EBB7511F2914516E00F5995B /* Debug */ = {
			isa = XCBuildConfiguration;
			buildSettings = {
				ASSETCATALOG_COMPILER_APPICON_NAME = AppIcon;
				ASSETCATALOG_COMPILER_GLOBAL_ACCENT_COLOR_NAME = AccentColor;
				CODE_SIGN_STYLE = Automatic;
				CURRENT_PROJECT_VERSION = 1;
				DEVELOPMENT_ASSET_PATHS = "\"FollowMeApp/Preview Content\"";
				DEVELOPMENT_TEAM = 2D4GYA53A2;
				ENABLE_PREVIEWS = YES;
				GENERATE_INFOPLIST_FILE = YES;
				INFOPLIST_FILE = FollowMeApp/Info.plist;
				INFOPLIST_KEY_NSCameraUsageDescription = "we need the camera to scan QR code";
				INFOPLIST_KEY_NSFaceIDUsageDescription = "";
				INFOPLIST_KEY_NSLocationAlwaysAndWhenInUseUsageDescription = "";
				INFOPLIST_KEY_NSLocationUsageDescription = "";
				INFOPLIST_KEY_NSLocationWhenInUseUsageDescription = "This app needs your locaion to show it on the map.";
				INFOPLIST_KEY_UIApplicationSceneManifest_Generation = YES;
				INFOPLIST_KEY_UIApplicationSupportsIndirectInputEvents = YES;
				INFOPLIST_KEY_UILaunchScreen_Generation = YES;
				INFOPLIST_KEY_UISupportedInterfaceOrientations_iPad = "UIInterfaceOrientationPortrait UIInterfaceOrientationPortraitUpsideDown UIInterfaceOrientationLandscapeLeft UIInterfaceOrientationLandscapeRight";
				INFOPLIST_KEY_UISupportedInterfaceOrientations_iPhone = "UIInterfaceOrientationPortrait UIInterfaceOrientationLandscapeLeft UIInterfaceOrientationLandscapeRight";
				LD_RUNPATH_SEARCH_PATHS = (
					"$(inherited)",
					"@executable_path/Frameworks",
				);
				MARKETING_VERSION = 1.0;
				PRODUCT_BUNDLE_IDENTIFIER = "abdallah.abusamaha-gmail.com.FollowMeApp";
				PRODUCT_NAME = "$(TARGET_NAME)";
				SWIFT_EMIT_LOC_STRINGS = YES;
				SWIFT_VERSION = 5.0;
				TARGETED_DEVICE_FAMILY = "1,2";
			};
			name = Debug;
		};
		EBB751202914516E00F5995B /* Release */ = {
			isa = XCBuildConfiguration;
			buildSettings = {
				ASSETCATALOG_COMPILER_APPICON_NAME = AppIcon;
				ASSETCATALOG_COMPILER_GLOBAL_ACCENT_COLOR_NAME = AccentColor;
				CODE_SIGN_STYLE = Automatic;
				CURRENT_PROJECT_VERSION = 1;
				DEVELOPMENT_ASSET_PATHS = "\"FollowMeApp/Preview Content\"";
				DEVELOPMENT_TEAM = 2D4GYA53A2;
				ENABLE_PREVIEWS = YES;
				GENERATE_INFOPLIST_FILE = YES;
				INFOPLIST_FILE = FollowMeApp/Info.plist;
				INFOPLIST_KEY_NSCameraUsageDescription = "we need the camera to scan QR code";
				INFOPLIST_KEY_NSFaceIDUsageDescription = "";
				INFOPLIST_KEY_NSLocationAlwaysAndWhenInUseUsageDescription = "";
				INFOPLIST_KEY_NSLocationUsageDescription = "";
				INFOPLIST_KEY_NSLocationWhenInUseUsageDescription = "This app needs your locaion to show it on the map.";
				INFOPLIST_KEY_UIApplicationSceneManifest_Generation = YES;
				INFOPLIST_KEY_UIApplicationSupportsIndirectInputEvents = YES;
				INFOPLIST_KEY_UILaunchScreen_Generation = YES;
				INFOPLIST_KEY_UISupportedInterfaceOrientations_iPad = "UIInterfaceOrientationPortrait UIInterfaceOrientationPortraitUpsideDown UIInterfaceOrientationLandscapeLeft UIInterfaceOrientationLandscapeRight";
				INFOPLIST_KEY_UISupportedInterfaceOrientations_iPhone = "UIInterfaceOrientationPortrait UIInterfaceOrientationLandscapeLeft UIInterfaceOrientationLandscapeRight";
				LD_RUNPATH_SEARCH_PATHS = (
					"$(inherited)",
					"@executable_path/Frameworks",
				);
				MARKETING_VERSION = 1.0;
				PRODUCT_BUNDLE_IDENTIFIER = "abdallah.abusamaha-gmail.com.FollowMeApp";
				PRODUCT_NAME = "$(TARGET_NAME)";
				SWIFT_EMIT_LOC_STRINGS = YES;
				SWIFT_VERSION = 5.0;
				TARGETED_DEVICE_FAMILY = "1,2";
			};
			name = Release;
		};
/* End XCBuildConfiguration section */

/* Begin XCConfigurationList section */
		EBB7510B2914516C00F5995B /* Build configuration list for PBXProject "FollowMeApp" */ = {
			isa = XCConfigurationList;
			buildConfigurations = (
				EBB7511C2914516E00F5995B /* Debug */,
				EBB7511D2914516E00F5995B /* Release */,
			);
			defaultConfigurationIsVisible = 0;
			defaultConfigurationName = Release;
		};
		EBB7511E2914516E00F5995B /* Build configuration list for PBXNativeTarget "FollowMeApp" */ = {
			isa = XCConfigurationList;
			buildConfigurations = (
				EBB7511F2914516E00F5995B /* Debug */,
				EBB751202914516E00F5995B /* Release */,
			);
			defaultConfigurationIsVisible = 0;
			defaultConfigurationName = Release;
		};
/* End XCConfigurationList section */

/* Begin XCRemoteSwiftPackageReference section */
		EB1BD3452933195B004C8023 /* XCRemoteSwiftPackageReference "CodeScanner" */ = {
			isa = XCRemoteSwiftPackageReference;
			repositoryURL = "https://github.com/twostraws/CodeScanner";
			requirement = {
				kind = upToNextMajorVersion;
				minimumVersion = 2.0.0;
			};
		};
		EBB7514B29176DB200F5995B /* XCRemoteSwiftPackageReference "firebase-ios-sdk" */ = {
			isa = XCRemoteSwiftPackageReference;
			repositoryURL = "https://github.com/firebase/firebase-ios-sdk";
			requirement = {
				branch = master;
				kind = branch;
			};
		};
		EBB751722918A8A100F5995B /* XCRemoteSwiftPackageReference "firebase-ios-sdk" */ = {
			isa = XCRemoteSwiftPackageReference;
			repositoryURL = "https://github.com/firebase/firebase-ios-sdk";
			requirement = {
				branch = master;
				kind = branch;
			};
		};
/* End XCRemoteSwiftPackageReference section */

/* Begin XCSwiftPackageProductDependency section */
		EB1BD3462933195B004C8023 /* CodeScanner */ = {
			isa = XCSwiftPackageProductDependency;
			package = EB1BD3452933195B004C8023 /* XCRemoteSwiftPackageReference "CodeScanner" */;
			productName = CodeScanner;
		};
		EBB7514C29176DB200F5995B /* FirebaseAnalytics */ = {
			isa = XCSwiftPackageProductDependency;
			package = EBB7514B29176DB200F5995B /* XCRemoteSwiftPackageReference "firebase-ios-sdk" */;
			productName = FirebaseAnalytics;
		};
		EBB7514E29176DB200F5995B /* FirebaseDatabase */ = {
			isa = XCSwiftPackageProductDependency;
			package = EBB7514B29176DB200F5995B /* XCRemoteSwiftPackageReference "firebase-ios-sdk" */;
			productName = FirebaseDatabase;
		};
		EBB7515029176DB200F5995B /* FirebaseFirestore */ = {
			isa = XCSwiftPackageProductDependency;
			package = EBB7514B29176DB200F5995B /* XCRemoteSwiftPackageReference "firebase-ios-sdk" */;
			productName = FirebaseFirestore;
		};
		EBB7515E2918607200F5995B /* FirebaseAuth */ = {
			isa = XCSwiftPackageProductDependency;
			package = EBB7514B29176DB200F5995B /* XCRemoteSwiftPackageReference "firebase-ios-sdk" */;
			productName = FirebaseAuth;
		};
		EBB751732918A8A200F5995B /* FirebaseAuth */ = {
			isa = XCSwiftPackageProductDependency;
			package = EBB7514B29176DB200F5995B /* XCRemoteSwiftPackageReference "firebase-ios-sdk" */;
			productName = FirebaseAuth;
		};
/* End XCSwiftPackageProductDependency section */
	};
	rootObject = EBB751082914516C00F5995B /* Project object */;
}
